Microsoft Visual Studio Solution File, Format Version 12.00
# Visual Studio Version 16
VisualStudioVersion = 16.0.0.0
MinimumVisualStudioVersion = 16.0.0.0
Project("{9A19103F-16F7-4668-BE54-9A1E7A4F7556}") = "BlazorApp.Server", "Server\BlazorApp.Server.csproj", "{D8DDEEDD-BFCC-40F8-A9CA-EEDEF53278B2}"
EndProject
Project("{9A19103F-16F7-4668-BE54-9A1E7A4F7556}") = "BlazorApp.Client", "Client\BlazorApp.Client.csproj", "{171C6926-4B78-4DA7-98A6-EEB981D30D43}"
EndProject
Project("{9A19103F-16F7-4668-BE54-9A1E7A4F7556}") = "BlazorApp.Shared", "Shared\BlazorApp.Shared.csproj", "{CA2EC1F2-5D96-4B1E-9464-FFA15B14F6A6}"
EndProject
Global
	GlobalSection(SolutionConfigurationPlatforms) = preSolution
		Debug|Any CPU = Debug|Any CPU
		Debug|x64 = Debug|x64
		Debug|x86 = Debug|x86
		Release|Any CPU = Release|Any CPU
		Release|x64 = Release|x64
		Release|x86 = Release|x86
	EndGlobalSection
	GlobalSection(ProjectConfigurationPlatforms) = postSolution
		{171C6926-4B78-4DA7-98A6-EEB981D30D43}.Debug|Any CPU.ActiveCfg = Debug|Any CPU
		{171C6926-4B78-4DA7-98A6-EEB981D30D43}.Debug|Any CPU.Build.0 = Debug|Any CPU
		{171C6926-4B78-4DA7-98A6-EEB981D30D43}.Debug|x64.ActiveCfg = Debug|Any CPU
		{171C6926-4B78-4DA7-98A6-EEB981D30D43}.Debug|x64.Build.0 = Debug|Any CPU
		{171C6926-4B78-4DA7-98A6-EEB981D30D43}.Debug|x86.ActiveCfg = Debug|Any CPU
		{171C6926-4B78-4DA7-98A6-EEB981D30D43}.Debug|x86.Build.0 = Debug|Any CPU
		{171C6926-4B78-4DA7-98A6-EEB981D30D43}.Release|Any CPU.ActiveCfg = Release|Any CPU
		{171C6926-4B78-4DA7-98A6-EEB981D30D43}.Release|Any CPU.Build.0 = Release|Any CPU
		{171C6926-4B78-4DA7-98A6-EEB981D30D43}.Release|x64.ActiveCfg = Release|Any CPU
		{171C6926-4B78-4DA7-98A6-EEB981D30D43}.Release|x64.Build.0 = Release|Any CPU
		{171C6926-4B78-4DA7-98A6-EEB981D30D43}.Release|x86.ActiveCfg = Release|Any CPU
		{171C6926-4B78-4DA7-98A6-EEB981D30D43}.Release|x86.Build.0 = Release|Any CPU
		{D8DDEEDD-BFCC-40F8-A9CA-EEDEF53278B2}.Debug|Any CPU.ActiveCfg = Debug|Any CPU
		{D8DDEEDD-BFCC-40F8-A9CA-EEDEF53278B2}.Debug|Any CPU.Build.0 = Debug|Any CPU
		{D8DDEEDD-BFCC-40F8-A9CA-EEDEF53278B2}.Debug|x64.ActiveCfg = Debug|Any CPU
		{D8DDEEDD-BFCC-40F8-A9CA-EEDEF53278B2}.Debug|x64.Build.0 = Debug|Any CPU
		{D8DDEEDD-BFCC-40F8-A9CA-EEDEF53278B2}.Debug|x86.ActiveCfg = Debug|Any CPU
		{D8DDEEDD-BFCC-40F8-A9CA-EEDEF53278B2}.Debug|x86.Build.0 = Debug|Any CPU
		{D8DDEEDD-BFCC-40F8-A9CA-EEDEF53278B2}.Release|Any CPU.ActiveCfg = Release|Any CPU
		{D8DDEEDD-BFCC-40F8-A9CA-EEDEF53278B2}.Release|Any CPU.Build.0 = Release|Any CPU
		{D8DDEEDD-BFCC-40F8-A9CA-EEDEF53278B2}.Release|x64.ActiveCfg = Release|Any CPU
		{D8DDEEDD-BFCC-40F8-A9CA-EEDEF53278B2}.Release|x64.Build.0 = Release|Any CPU
		{D8DDEEDD-BFCC-40F8-A9CA-EEDEF53278B2}.Release|x86.ActiveCfg = Release|Any CPU
		{D8DDEEDD-BFCC-40F8-A9CA-EEDEF53278B2}.Release|x86.Build.0 = Release|Any CPU
		{CA2EC1F2-5D96-4B1E-9464-FFA15B14F6A6}.Debug|Any CPU.ActiveCfg = Debug|Any CPU
		{CA2EC1F2-5D96-4B1E-9464-FFA15B14F6A6}.Debug|Any CPU.Build.0 = Debug|Any CPU
		{CA2EC1F2-5D96-4B1E-9464-FFA15B14F6A6}.Debug|x64.ActiveCfg = Debug|Any CPU
		{CA2EC1F2-5D96-4B1E-9464-FFA15B14F6A6}.Debug|x64.Build.0 = Debug|Any CPU
		{CA2EC1F2-5D96-4B1E-9464-FFA15B14F6A6}.Debug|x86.ActiveCfg = Debug|Any CPU
		{CA2EC1F2-5D96-4B1E-9464-FFA15B14F6A6}.Debug|x86.Build.0 = Debug|Any CPU
		{CA2EC1F2-5D96-4B1E-9464-FFA15B14F6A6}.Release|Any CPU.ActiveCfg = Release|Any CPU
		{CA2EC1F2-5D96-4B1E-9464-FFA15B14F6A6}.Release|Any CPU.Build.0 = Release|Any CPU
		{CA2EC1F2-5D96-4B1E-9464-FFA15B14F6A6}.Release|x64.ActiveCfg = Release|Any CPU
		{CA2EC1F2-5D96-4B1E-9464-FFA15B14F6A6}.Release|x64.Build.0 = Release|Any CPU
		{CA2EC1F2-5D96-4B1E-9464-FFA15B14F6A6}.Release|x86.ActiveCfg = Release|Any CPU
		{CA2EC1F2-5D96-4B1E-9464-FFA15B14F6A6}.Release|x86.Build.0 = Release|Any CPU
	EndGlobalSection
	GlobalSection(SolutionProperties) = preSolution
		HideSolutionNode = FALSE
	EndGlobalSection
	GlobalSection(ExtensibilityGlobals) = postSolution
		SolutionGuid = {FE2CA0DB-93EE-486B-B122-1DE5AC2A3A72}
	EndGlobalSection
EndGlobal
